
Microsoft Visual Studio Solution File, Format Version 12.00
# Visual Studio Version 17
VisualStudioVersion = 17.2.32505.173
MinimumVisualStudioVersion = 10.0.40219.1
Project("{FAE04EC0-301F-11D3-BF4B-00C04F79EFBC}") = "VTM", "VTM\VTM.csproj", "{DF0A670C-1960-41FB-98B7-B3A2DE928DCD}"
EndProject
Project("{2150E333-8FDC-42A3-9474-1A3956D46DE8}") = "Controls", "Controls", "{22F6D4DB-E3E1-4CC7-B39E-3BC91D241030}"
EndProject
Project("{FAE04EC0-301F-11D3-BF4B-00C04F79EFBC}") = "HVT.VTM.Program", "HVT.VTM.Program\HVT.VTM.Program.csproj", "{6A81A954-11D8-4781-AC98-582DD96B4744}"
EndProject
Project("{FAE04EC0-301F-11D3-BF4B-00C04F79EFBC}") = "HVT.VTM.Base", "HVT.VTM.Model\HVT.VTM.Base.csproj", "{1634E2CA-C43C-4749-91C8-540E38D808CC}"
EndProject
Project("{FAE04EC0-301F-11D3-BF4B-00C04F79EFBC}") = "HVT.StandantLocalUsers", "HVT.StandantLocalUsers\HVT.StandantLocalUsers.csproj", "{CBD283FE-EB0E-4814-844A-98B5AF3D4279}"
EndProject
Project("{2150E333-8FDC-42A3-9474-1A3956D46DE8}") = "Model", "Model", "{C5D1A1A7-551A-4350-ACF2-B9CE2B7D50BE}"
EndProject
Project("{2150E333-8FDC-42A3-9474-1A3956D46DE8}") = "Program", "Program", "{06B5267C-0704-4F5C-B1F8-FD4145920062}"
EndProject
Project("{2150E333-8FDC-42A3-9474-1A3956D46DE8}") = "UI", "UI", "{2EFB8169-1769-4E0D-A1B2-05562B54EF8F}"
EndProject
Project("{2150E333-8FDC-42A3-9474-1A3956D46DE8}") = "Helper", "Helper", "{E4CD2C98-B27C-4611-B254-0EF958FC803D}"
EndProject
Project("{2150E333-8FDC-42A3-9474-1A3956D46DE8}") = "Report", "Report", "{939CEAD1-3323-4FA6-B55E-CAB976EA8174}"
EndProject
Project("{FAE04EC0-301F-11D3-BF4B-00C04F79EFBC}") = "VTM_Report", "VTM_Report\VTM_Report.csproj", "{A3F85A2B-258C-467F-83D3-B538287AA240}"
EndProject
Project("{FAE04EC0-301F-11D3-BF4B-00C04F79EFBC}") = "Camera", "_HVT\Camera\Camera.csproj", "{73B61416-E39F-4FA1-8AAB-CE2BD8F1C76F}"
EndProject
Project("{FAE04EC0-301F-11D3-BF4B-00C04F79EFBC}") = "HVT.Controls", "_HVT\HVT.Controls\HVT.Controls.csproj", "{8C737116-EACF-4DD6-B0A0-9E757E8A6961}"
EndProject
Project("{FAE04EC0-301F-11D3-BF4B-00C04F79EFBC}") = "Utility", "_HVT\HVT.Utility\Utility.csproj", "{1F26009D-C483-4DBF-AF0E-F3274C32D21A}"
EndProject
Global
	GlobalSection(SolutionConfigurationPlatforms) = preSolution
		Debug|Any CPU = Debug|Any CPU
		Debug|ARM = Debug|ARM
		Debug|ARM64 = Debug|ARM64
		Debug|x64 = Debug|x64
		Debug|x86 = Debug|x86
		Release|Any CPU = Release|Any CPU
		Release|ARM = Release|ARM
		Release|ARM64 = Release|ARM64
		Release|x64 = Release|x64
		Release|x86 = Release|x86
	EndGlobalSection
	GlobalSection(ProjectConfigurationPlatforms) = postSolution
		{DF0A670C-1960-41FB-98B7-B3A2DE928DCD}.Debug|Any CPU.ActiveCfg = Debug|Any CPU
		{DF0A670C-1960-41FB-98B7-B3A2DE928DCD}.Debug|Any CPU.Build.0 = Debug|Any CPU
		{DF0A670C-1960-41FB-98B7-B3A2DE928DCD}.Debug|ARM.ActiveCfg = Debug|Any CPU
		{DF0A670C-1960-41FB-98B7-B3A2DE928DCD}.Debug|ARM.Build.0 = Debug|Any CPU
		{DF0A670C-1960-41FB-98B7-B3A2DE928DCD}.Debug|ARM64.ActiveCfg = Debug|Any CPU
		{DF0A670C-1960-41FB-98B7-B3A2DE928DCD}.Debug|ARM64.Build.0 = Debug|Any CPU
		{DF0A670C-1960-41FB-98B7-B3A2DE928DCD}.Debug|x64.ActiveCfg = Debug|Any CPU
		{DF0A670C-1960-41FB-98B7-B3A2DE928DCD}.Debug|x64.Build.0 = Debug|Any CPU
		{DF0A670C-1960-41FB-98B7-B3A2DE928DCD}.Debug|x86.ActiveCfg = Debug|Any CPU
		{DF0A670C-1960-41FB-98B7-B3A2DE928DCD}.Debug|x86.Build.0 = Debug|Any CPU
		{DF0A670C-1960-41FB-98B7-B3A2DE928DCD}.Release|Any CPU.ActiveCfg = Release|Any CPU
		{DF0A670C-1960-41FB-98B7-B3A2DE928DCD}.Release|Any CPU.Build.0 = Release|Any CPU
		{DF0A670C-1960-41FB-98B7-B3A2DE928DCD}.Release|ARM.ActiveCfg = Release|Any CPU
		{DF0A670C-1960-41FB-98B7-B3A2DE928DCD}.Release|ARM.Build.0 = Release|Any CPU
		{DF0A670C-1960-41FB-98B7-B3A2DE928DCD}.Release|ARM64.ActiveCfg = Release|Any CPU
		{DF0A670C-1960-41FB-98B7-B3A2DE928DCD}.Release|ARM64.Build.0 = Release|Any CPU
		{DF0A670C-1960-41FB-98B7-B3A2DE928DCD}.Release|x64.ActiveCfg = Release|Any CPU
		{DF0A670C-1960-41FB-98B7-B3A2DE928DCD}.Release|x64.Build.0 = Release|Any CPU
		{DF0A670C-1960-41FB-98B7-B3A2DE928DCD}.Release|x86.ActiveCfg = Release|Any CPU
		{DF0A670C-1960-41FB-98B7-B3A2DE928DCD}.Release|x86.Build.0 = Release|Any CPU
		{6A81A954-11D8-4781-AC98-582DD96B4744}.Debug|Any CPU.ActiveCfg = Debug|Any CPU
		{6A81A954-11D8-4781-AC98-582DD96B4744}.Debug|Any CPU.Build.0 = Debug|Any CPU
		{6A81A954-11D8-4781-AC98-582DD96B4744}.Debug|ARM.ActiveCfg = Debug|Any CPU
		{6A81A954-11D8-4781-AC98-582DD96B4744}.Debug|ARM.Build.0 = Debug|Any CPU
		{6A81A954-11D8-4781-AC98-582DD96B4744}.Debug|ARM64.ActiveCfg = Debug|Any CPU
		{6A81A954-11D8-4781-AC98-582DD96B4744}.Debug|ARM64.Build.0 = Debug|Any CPU
		{6A81A954-11D8-4781-AC98-582DD96B4744}.Debug|x64.ActiveCfg = Debug|x64
		{6A81A954-11D8-4781-AC98-582DD96B4744}.Debug|x64.Build.0 = Debug|x64
		{6A81A954-11D8-4781-AC98-582DD96B4744}.Debug|x86.ActiveCfg = Debug|Any CPU
		{6A81A954-11D8-4781-AC98-582DD96B4744}.Debug|x86.Build.0 = Debug|Any CPU
		{6A81A954-11D8-4781-AC98-582DD96B4744}.Release|Any CPU.ActiveCfg = Release|Any CPU
		{6A81A954-11D8-4781-AC98-582DD96B4744}.Release|Any CPU.Build.0 = Release|Any CPU
		{6A81A954-11D8-4781-AC98-582DD96B4744}.Release|ARM.ActiveCfg = Release|Any CPU
		{6A81A954-11D8-4781-AC98-582DD96B4744}.Release|ARM.Build.0 = Release|Any CPU
		{6A81A954-11D8-4781-AC98-582DD96B4744}.Release|ARM64.ActiveCfg = Release|Any CPU
		{6A81A954-11D8-4781-AC98-582DD96B4744}.Release|ARM64.Build.0 = Release|Any CPU
		{6A81A954-11D8-4781-AC98-582DD96B4744}.Release|x64.ActiveCfg = Release|x64
		{6A81A954-11D8-4781-AC98-582DD96B4744}.Release|x64.Build.0 = Release|x64
		{6A81A954-11D8-4781-AC98-582DD96B4744}.Release|x86.ActiveCfg = Release|Any CPU
		{6A81A954-11D8-4781-AC98-582DD96B4744}.Release|x86.Build.0 = Release|Any CPU
		{1634E2CA-C43C-4749-91C8-540E38D808CC}.Debug|Any CPU.ActiveCfg = Debug|Any CPU
		{1634E2CA-C43C-4749-91C8-540E38D808CC}.Debug|Any CPU.Build.0 = Debug|Any CPU
		{1634E2CA-C43C-4749-91C8-540E38D808CC}.Debug|ARM.ActiveCfg = Debug|Any CPU
		{1634E2CA-C43C-4749-91C8-540E38D808CC}.Debug|ARM.Build.0 = Debug|Any CPU
		{1634E2CA-C43C-4749-91C8-540E38D808CC}.Debug|ARM64.ActiveCfg = Debug|Any CPU
		{1634E2CA-C43C-4749-91C8-540E38D808CC}.Debug|ARM64.Build.0 = Debug|Any CPU
		{1634E2CA-C43C-4749-91C8-540E38D808CC}.Debug|x64.ActiveCfg = Debug|x64
		{1634E2CA-C43C-4749-91C8-540E38D808CC}.Debug|x64.Build.0 = Debug|x64
		{1634E2CA-C43C-4749-91C8-540E38D808CC}.Debug|x86.ActiveCfg = Debug|Any CPU
		{1634E2CA-C43C-4749-91C8-540E38D808CC}.Debug|x86.Build.0 = Debug|Any CPU
		{1634E2CA-C43C-4749-91C8-540E38D808CC}.Release|Any CPU.ActiveCfg = Release|Any CPU
		{1634E2CA-C43C-4749-91C8-540E38D808CC}.Release|Any CPU.Build.0 = Release|Any CPU
		{1634E2CA-C43C-4749-91C8-540E38D808CC}.Release|ARM.ActiveCfg = Release|Any CPU
		{1634E2CA-C43C-4749-91C8-540E38D808CC}.Release|ARM.Build.0 = Release|Any CPU
		{1634E2CA-C43C-4749-91C8-540E38D808CC}.Release|ARM64.ActiveCfg = Release|Any CPU
		{1634E2CA-C43C-4749-91C8-540E38D808CC}.Release|ARM64.Build.0 = Release|Any CPU
		{1634E2CA-C43C-4749-91C8-540E38D808CC}.Release|x64.ActiveCfg = Release|x64
		{1634E2CA-C43C-4749-91C8-540E38D808CC}.Release|x64.Build.0 = Release|x64
		{1634E2CA-C43C-4749-91C8-540E38D808CC}.Release|x86.ActiveCfg = Release|Any CPU
		{1634E2CA-C43C-4749-91C8-540E38D808CC}.Release|x86.Build.0 = Release|Any CPU
		{CBD283FE-EB0E-4814-844A-98B5AF3D4279}.Debug|Any CPU.ActiveCfg = Debug|Any CPU
		{CBD283FE-EB0E-4814-844A-98B5AF3D4279}.Debug|Any CPU.Build.0 = Debug|Any CPU
		{CBD283FE-EB0E-4814-844A-98B5AF3D4279}.Debug|ARM.ActiveCfg = Debug|Any CPU
		{CBD283FE-EB0E-4814-844A-98B5AF3D4279}.Debug|ARM.Build.0 = Debug|Any CPU
		{CBD283FE-EB0E-4814-844A-98B5AF3D4279}.Debug|ARM64.ActiveCfg = Debug|Any CPU
		{CBD283FE-EB0E-4814-844A-98B5AF3D4279}.Debug|ARM64.Build.0 = Debug|Any CPU
		{CBD283FE-EB0E-4814-844A-98B5AF3D4279}.Debug|x64.ActiveCfg = Debug|x64
		{CBD283FE-EB0E-4814-844A-98B5AF3D4279}.Debug|x64.Build.0 = Debug|x64
		{CBD283FE-EB0E-4814-844A-98B5AF3D4279}.Debug|x86.ActiveCfg = Debug|Any CPU
		{CBD283FE-EB0E-4814-844A-98B5AF3D4279}.Debug|x86.Build.0 = Debug|Any CPU
		{CBD283FE-EB0E-4814-844A-98B5AF3D4279}.Release|Any CPU.ActiveCfg = Release|Any CPU
		{CBD283FE-EB0E-4814-844A-98B5AF3D4279}.Release|Any CPU.Build.0 = Release|Any CPU
		{CBD283FE-EB0E-4814-844A-98B5AF3D4279}.Release|ARM.ActiveCfg = Release|Any CPU
		{CBD283FE-EB0E-4814-844A-98B5AF3D4279}.Release|ARM.Build.0 = Release|Any CPU
		{CBD283FE-EB0E-4814-844A-98B5AF3D4279}.Release|ARM64.ActiveCfg = Release|Any CPU
		{CBD283FE-EB0E-4814-844A-98B5AF3D4279}.Release|ARM64.Build.0 = Release|Any CPU
		{CBD283FE-EB0E-4814-844A-98B5AF3D4279}.Release|x64.ActiveCfg = Release|x64
		{CBD283FE-EB0E-4814-844A-98B5AF3D4279}.Release|x64.Build.0 = Release|x64
		{CBD283FE-EB0E-4814-844A-98B5AF3D4279}.Release|x86.ActiveCfg = Release|Any CPU
		{CBD283FE-EB0E-4814-844A-98B5AF3D4279}.Release|x86.Build.0 = Release|Any CPU
		{A3F85A2B-258C-467F-83D3-B538287AA240}.Debug|Any CPU.ActiveCfg = Debug|Any CPU
		{A3F85A2B-258C-467F-83D3-B538287AA240}.Debug|Any CPU.Build.0 = Debug|Any CPU
		{A3F85A2B-258C-467F-83D3-B538287AA240}.Debug|ARM.ActiveCfg = Debug|Any CPU
		{A3F85A2B-258C-467F-83D3-B538287AA240}.Debug|ARM.Build.0 = Debug|Any CPU
		{A3F85A2B-258C-467F-83D3-B538287AA240}.Debug|ARM64.ActiveCfg = Debug|Any CPU
		{A3F85A2B-258C-467F-83D3-B538287AA240}.Debug|ARM64.Build.0 = Debug|Any CPU
		{A3F85A2B-258C-467F-83D3-B538287AA240}.Debug|x64.ActiveCfg = Debug|x64
		{A3F85A2B-258C-467F-83D3-B538287AA240}.Debug|x64.Build.0 = Debug|x64
		{A3F85A2B-258C-467F-83D3-B538287AA240}.Debug|x86.ActiveCfg = Debug|Any CPU
		{A3F85A2B-258C-467F-83D3-B538287AA240}.Debug|x86.Build.0 = Debug|Any CPU
		{A3F85A2B-258C-467F-83D3-B538287AA240}.Release|Any CPU.ActiveCfg = Release|Any CPU
		{A3F85A2B-258C-467F-83D3-B538287AA240}.Release|Any CPU.Build.0 = Release|Any CPU
		{A3F85A2B-258C-467F-83D3-B538287AA240}.Release|ARM.ActiveCfg = Release|Any CPU
		{A3F85A2B-258C-467F-83D3-B538287AA240}.Release|ARM.Build.0 = Release|Any CPU
		{A3F85A2B-258C-467F-83D3-B538287AA240}.Release|ARM64.ActiveCfg = Release|Any CPU
		{A3F85A2B-258C-467F-83D3-B538287AA240}.Release|ARM64.Build.0 = Release|Any CPU
		{A3F85A2B-258C-467F-83D3-B538287AA240}.Release|x64.ActiveCfg = Release|x64
		{A3F85A2B-258C-467F-83D3-B538287AA240}.Release|x64.Build.0 = Release|x64
		{A3F85A2B-258C-467F-83D3-B538287AA240}.Release|x86.ActiveCfg = Release|Any CPU
		{A3F85A2B-258C-467F-83D3-B538287AA240}.Release|x86.Build.0 = Release|Any CPU
		{73B61416-E39F-4FA1-8AAB-CE2BD8F1C76F}.Debug|Any CPU.ActiveCfg = Debug|Any CPU
		{73B61416-E39F-4FA1-8AAB-CE2BD8F1C76F}.Debug|Any CPU.Build.0 = Debug|Any CPU
		{73B61416-E39F-4FA1-8AAB-CE2BD8F1C76F}.Debug|ARM.ActiveCfg = Debug|Any CPU
		{73B61416-E39F-4FA1-8AAB-CE2BD8F1C76F}.Debug|ARM.Build.0 = Debug|Any CPU
		{73B61416-E39F-4FA1-8AAB-CE2BD8F1C76F}.Debug|ARM64.ActiveCfg = Debug|Any CPU
		{73B61416-E39F-4FA1-8AAB-CE2BD8F1C76F}.Debug|ARM64.Build.0 = Debug|Any CPU
		{73B61416-E39F-4FA1-8AAB-CE2BD8F1C76F}.Debug|x64.ActiveCfg = Debug|Any CPU
		{73B61416-E39F-4FA1-8AAB-CE2BD8F1C76F}.Debug|x64.Build.0 = Debug|Any CPU
		{73B61416-E39F-4FA1-8AAB-CE2BD8F1C76F}.Debug|x86.ActiveCfg = Debug|Any CPU
		{73B61416-E39F-4FA1-8AAB-CE2BD8F1C76F}.Debug|x86.Build.0 = Debug|Any CPU
		{73B61416-E39F-4FA1-8AAB-CE2BD8F1C76F}.Release|Any CPU.ActiveCfg = Release|Any CPU
		{73B61416-E39F-4FA1-8AAB-CE2BD8F1C76F}.Release|Any CPU.Build.0 = Release|Any CPU
		{73B61416-E39F-4FA1-8AAB-CE2BD8F1C76F}.Release|ARM.ActiveCfg = Release|Any CPU
		{73B61416-E39F-4FA1-8AAB-CE2BD8F1C76F}.Release|ARM.Build.0 = Release|Any CPU
		{73B61416-E39F-4FA1-8AAB-CE2BD8F1C76F}.Release|ARM64.ActiveCfg = Release|Any CPU
		{73B61416-E39F-4FA1-8AAB-CE2BD8F1C76F}.Release|ARM64.Build.0 = Release|Any CPU
		{73B61416-E39F-4FA1-8AAB-CE2BD8F1C76F}.Release|x64.ActiveCfg = Release|Any CPU
		{73B61416-E39F-4FA1-8AAB-CE2BD8F1C76F}.Release|x64.Build.0 = Release|Any CPU
		{73B61416-E39F-4FA1-8AAB-CE2BD8F1C76F}.Release|x86.ActiveCfg = Release|Any CPU
		{73B61416-E39F-4FA1-8AAB-CE2BD8F1C76F}.Release|x86.Build.0 = Release|Any CPU
		{8C737116-EACF-4DD6-B0A0-9E757E8A6961}.Debug|Any CPU.ActiveCfg = Debug|Any CPU
		{8C737116-EACF-4DD6-B0A0-9E757E8A6961}.Debug|Any CPU.Build.0 = Debug|Any CPU
		{8C737116-EACF-4DD6-B0A0-9E757E8A6961}.Debug|ARM.ActiveCfg = Debug|Any CPU
		{8C737116-EACF-4DD6-B0A0-9E757E8A6961}.Debug|ARM.Build.0 = Debug|Any CPU
		{8C737116-EACF-4DD6-B0A0-9E757E8A6961}.Debug|ARM64.ActiveCfg = Debug|Any CPU
		{8C737116-EACF-4DD6-B0A0-9E757E8A6961}.Debug|ARM64.Build.0 = Debug|Any CPU
		{8C737116-EACF-4DD6-B0A0-9E757E8A6961}.Debug|x64.ActiveCfg = Debug|Any CPU
		{8C737116-EACF-4DD6-B0A0-9E757E8A6961}.Debug|x64.Build.0 = Debug|Any CPU
		{8C737116-EACF-4DD6-B0A0-9E757E8A6961}.Debug|x86.ActiveCfg = Debug|Any CPU
		{8C737116-EACF-4DD6-B0A0-9E757E8A6961}.Debug|x86.Build.0 = Debug|Any CPU
		{8C737116-EACF-4DD6-B0A0-9E757E8A6961}.Release|Any CPU.ActiveCfg = Release|Any CPU
		{8C737116-EACF-4DD6-B0A0-9E757E8A6961}.Release|Any CPU.Build.0 = Release|Any CPU
		{8C737116-EACF-4DD6-B0A0-9E757E8A6961}.Release|ARM.ActiveCfg = Release|Any CPU
		{8C737116-EACF-4DD6-B0A0-9E757E8A6961}.Release|ARM.Build.0 = Release|Any CPU
		{8C737116-EACF-4DD6-B0A0-9E757E8A6961}.Release|ARM64.ActiveCfg = Release|Any CPU
		{8C737116-EACF-4DD6-B0A0-9E757E8A6961}.Release|ARM64.Build.0 = Release|Any CPU
		{8C737116-EACF-4DD6-B0A0-9E757E8A6961}.Release|x64.ActiveCfg = Release|Any CPU
		{8C737116-EACF-4DD6-B0A0-9E757E8A6961}.Release|x64.Build.0 = Release|Any CPU
		{8C737116-EACF-4DD6-B0A0-9E757E8A6961}.Release|x86.ActiveCfg = Release|Any CPU
		{8C737116-EACF-4DD6-B0A0-9E757E8A6961}.Release|x86.Build.0 = Release|Any CPU
		{1F26009D-C483-4DBF-AF0E-F3274C32D21A}.Debug|Any CPU.ActiveCfg = Debug|Any CPU
		{1F26009D-C483-4DBF-AF0E-F3274C32D21A}.Debug|Any CPU.Build.0 = Debug|Any CPU
		{1F26009D-C483-4DBF-AF0E-F3274C32D21A}.Debug|ARM.ActiveCfg = Debug|Any CPU
		{1F26009D-C483-4DBF-AF0E-F3274C32D21A}.Debug|ARM.Build.0 = Debug|Any CPU
		{1F26009D-C483-4DBF-AF0E-F3274C32D21A}.Debug|ARM64.ActiveCfg = Debug|Any CPU
		{1F26009D-C483-4DBF-AF0E-F3274C32D21A}.Debug|ARM64.Build.0 = Debug|Any CPU
		{1F26009D-C483-4DBF-AF0E-F3274C32D21A}.Debug|x64.ActiveCfg = Debug|x64
		{1F26009D-C483-4DBF-AF0E-F3274C32D21A}.Debug|x64.Build.0 = Debug|x64
		{1F26009D-C483-4DBF-AF0E-F3274C32D21A}.Debug|x86.ActiveCfg = Debug|x86
		{1F26009D-C483-4DBF-AF0E-F3274C32D21A}.Debug|x86.Build.0 = Debug|x86
		{1F26009D-C483-4DBF-AF0E-F3274C32D21A}.Release|Any CPU.ActiveCfg = Release|Any CPU
		{1F26009D-C483-4DBF-AF0E-F3274C32D21A}.Release|Any CPU.Build.0 = Release|Any CPU
		{1F26009D-C483-4DBF-AF0E-F3274C32D21A}.Release|ARM.ActiveCfg = Release|Any CPU
		{1F26009D-C483-4DBF-AF0E-F3274C32D21A}.Release|ARM.Build.0 = Release|Any CPU
		{1F26009D-C483-4DBF-AF0E-F3274C32D21A}.Release|ARM64.ActiveCfg = Release|Any CPU
		{1F26009D-C483-4DBF-AF0E-F3274C32D21A}.Release|ARM64.Build.0 = Release|Any CPU
		{1F26009D-C483-4DBF-AF0E-F3274C32D21A}.Release|x64.ActiveCfg = Release|x64
		{1F26009D-C483-4DBF-AF0E-F3274C32D21A}.Release|x64.Build.0 = Release|x64
		{1F26009D-C483-4DBF-AF0E-F3274C32D21A}.Release|x86.ActiveCfg = Release|x86
		{1F26009D-C483-4DBF-AF0E-F3274C32D21A}.Release|x86.Build.0 = Release|x86
	EndGlobalSection
	GlobalSection(SolutionProperties) = preSolution
		HideSolutionNode = FALSE
	EndGlobalSection
	GlobalSection(NestedProjects) = preSolution
		{DF0A670C-1960-41FB-98B7-B3A2DE928DCD} = {2EFB8169-1769-4E0D-A1B2-05562B54EF8F}
		{6A81A954-11D8-4781-AC98-582DD96B4744} = {06B5267C-0704-4F5C-B1F8-FD4145920062}
		{1634E2CA-C43C-4749-91C8-540E38D808CC} = {C5D1A1A7-551A-4350-ACF2-B9CE2B7D50BE}
		{CBD283FE-EB0E-4814-844A-98B5AF3D4279} = {E4CD2C98-B27C-4611-B254-0EF958FC803D}
		{A3F85A2B-258C-467F-83D3-B538287AA240} = {939CEAD1-3323-4FA6-B55E-CAB976EA8174}
		{73B61416-E39F-4FA1-8AAB-CE2BD8F1C76F} = {22F6D4DB-E3E1-4CC7-B39E-3BC91D241030}
		{8C737116-EACF-4DD6-B0A0-9E757E8A6961} = {22F6D4DB-E3E1-4CC7-B39E-3BC91D241030}
		{1F26009D-C483-4DBF-AF0E-F3274C32D21A} = {E4CD2C98-B27C-4611-B254-0EF958FC803D}
	EndGlobalSection
	GlobalSection(ExtensibilityGlobals) = postSolution
		SolutionGuid = {5589C8FD-46A0-412C-BDB9-2203C7853139}
	EndGlobalSection
EndGlobal
