
Microsoft Visual Studio Solution File, Format Version 12.00
# Visual Studio Version 17
VisualStudioVersion = 17.3.32825.248
MinimumVisualStudioVersion = 10.0.40219.1
Project("{FAE04EC0-301F-11D3-BF4B-00C04F79EFBC}") = "DEV_License", "DEV_License\DEV_License.csproj", "{4430124E-066A-4F1A-BFED-AC922AD8A813}"
EndProject
Project("{FAE04EC0-301F-11D3-BF4B-00C04F79EFBC}") = "DEVMachineLicense", "DEVMachineLicense\DEVMachineLicense.csproj", "{D5CF5753-3798-40F2-A5F1-1B08105FF1F3}"
EndProject
Global
	GlobalSection(SolutionConfigurationPlatforms) = preSolution
		Debug|Any CPU = Debug|Any CPU
		Release|Any CPU = Release|Any CPU
	EndGlobalSection
	GlobalSection(ProjectConfigurationPlatforms) = postSolution
		{4430124E-066A-4F1A-BFED-AC922AD8A813}.Debug|Any CPU.ActiveCfg = Debug|Any CPU
		{4430124E-066A-4F1A-BFED-AC922AD8A813}.Debug|Any CPU.Build.0 = Debug|Any CPU
		{4430124E-066A-4F1A-BFED-AC922AD8A813}.Release|Any CPU.ActiveCfg = Release|Any CPU
		{4430124E-066A-4F1A-BFED-AC922AD8A813}.Release|Any CPU.Build.0 = Release|Any CPU
		{D5CF5753-3798-40F2-A5F1-1B08105FF1F3}.Debug|Any CPU.ActiveCfg = Debug|Any CPU
		{D5CF5753-3798-40F2-A5F1-1B08105FF1F3}.Debug|Any CPU.Build.0 = Debug|Any CPU
		{D5CF5753-3798-40F2-A5F1-1B08105FF1F3}.Release|Any CPU.ActiveCfg = Release|Any CPU
		{D5CF5753-3798-40F2-A5F1-1B08105FF1F3}.Release|Any CPU.Build.0 = Release|Any CPU
	EndGlobalSection
	GlobalSection(SolutionProperties) = preSolution
		HideSolutionNode = FALSE
	EndGlobalSection
	GlobalSection(ExtensibilityGlobals) = postSolution
		SolutionGuid = {BF8F90E3-1D19-4D92-9902-1C568D6AE489}
	EndGlobalSection
EndGlobal
